<?xml version="1.0" encoding="utf-8"?>
<Project ToolsVersion="4.0" xmlns="http://schemas.microsoft.com/developer/msbuild/2003">
  <ItemGroup>
    <ClCompile Include="Source\NoNameGestor\Main.cpp" />
    <ClCompile Include="Source\NoNameGestor\Gestor\GestorSystem.cpp">
      <Filter>Gestor</Filter>
    </ClCompile>
    <ClCompile Include="Source\NoNameGestor\Scenes\EconomyScene.cpp">
      <Filter>Scenes</Filter>
    </ClCompile>
    <ClCompile Include="Source\NoNameGestor\Utils\Chrono.cpp">
      <Filter>Utils</Filter>
    </ClCompile>
    <ClCompile Include="Source\NoNameGestor\Utils\LogFunction.cpp">
      <Filter>Utils</Filter>
    </ClCompile>
    <ClCompile Include="Source\NoNameGestor\External\imgui\imgui_demo.cpp">
      <Filter>External\ImGui</Filter>
    </ClCompile>
    <ClCompile Include="Source\NoNameGestor\External\imgui\imgui_draw.cpp">
      <Filter>External\ImGui</Filter>
    </ClCompile>
    <ClCompile Include="Source\NoNameGestor\External\imgui\imgui_stdlib.cpp">
      <Filter>External\ImGui</Filter>
    </ClCompile>
    <ClCompile Include="Source\NoNameGestor\External\imgui\imgui_tables.cpp">
      <Filter>External\ImGui</Filter>
    </ClCompile>
    <ClCompile Include="Source\NoNameGestor\External\imgui\imgui_widgets.cpp">
      <Filter>External\ImGui</Filter>
    </ClCompile>
    <ClCompile Include="Source\NoNameGestor\External\imgui\imgui.cpp">
      <Filter>External\ImGui</Filter>
    </ClCompile>
    <ClCompile Include="Source\NoNameGestor\External\ImGuiFileDialog\ImGuiFileDialog.cpp">
      <Filter>External\ImGuiFileDialog</Filter>
    </ClCompile>
    <ClCompile Include="Source\NoNameGestor\Utils\FileManager.cpp">
      <Filter>Utils</Filter>
    </ClCompile>
    <ClCompile Include="Source\NoNameGestor\Utils\ImGuiExtension.cpp">
      <Filter>Utils</Filter>
    </ClCompile>
    <ClCompile Include="Source\NoNameGestor\Containers\Container.cpp">
      <Filter>Containers</Filter>
    </ClCompile>
    <ClCompile Include="Source\NoNameGestor\External\imgui\imgui_impl_sdl2.cpp">
      <Filter>External\ImGui</Filter>
    </ClCompile>
    <ClCompile Include="Source\NoNameGestor\External\imgui\imgui_impl_sdlrenderer2.cpp">
      <Filter>External\ImGui</Filter>
    </ClCompile>
    <ClCompile Include="Source\NoNameGestor\Containers\ConstContainer.cpp">
      <Filter>Containers</Filter>
    </ClCompile>
    <ClCompile Include="Source\NoNameGestor\Containers\TotalContainer.cpp">
      <Filter>Containers</Filter>
    </ClCompile>
    <ClCompile Include="Source\NoNameGestor\Containers\FilterContainer.cpp">
      <Filter>Containers</Filter>
    </ClCompile>
    <ClCompile Include="Source\NoNameGestor\Containers\FutureContainer.cpp">
      <Filter>Containers</Filter>
    </ClCompile>
    <ClCompile Include="Source\NoNameGestor\Containers\LimitContainer.cpp">
      <Filter>Containers</Filter>
    </ClCompile>
    <ClCompile Include="Source\NoNameGestor\Containers\InputContainer.cpp">
      <Filter>Containers</Filter>
    </ClCompile>
  </ItemGroup>
  <ItemGroup>
    <ClInclude Include="resource.h">
      <Filter>Resources</Filter>
    </ClInclude>
    <ClInclude Include="Source\NoNameGestor\Containers\Container.h">
      <Filter>Containers</Filter>
    </ClInclude>
    <ClInclude Include="Source\NoNameGestor\Containers\FilterContainer.h">
      <Filter>Containers</Filter>
    </ClInclude>
    <ClInclude Include="Source\NoNameGestor\Containers\FutureContainer.h">
      <Filter>Containers</Filter>
    </ClInclude>
    <ClInclude Include="Source\NoNameGestor\Containers\InputContainer.h">
      <Filter>Containers</Filter>
    </ClInclude>
    <ClInclude Include="Source\NoNameGestor\Containers\LimitContainer.h">
      <Filter>Containers</Filter>
    </ClInclude>
    <ClInclude Include="Source\NoNameGestor\Containers\TotalContainer.h">
      <Filter>Containers</Filter>
    </ClInclude>
    <ClInclude Include="Source\NoNameGestor\Containers\ContainerEnum.h">
      <Filter>Containers</Filter>
    </ClInclude>
    <ClInclude Include="Source\NoNameGestor\Containers\ContainerHeader.h">
      <Filter>Containers</Filter>
    </ClInclude>
    <ClInclude Include="Source\NoNameGestor\Containers\Label.h">
      <Filter>Containers</Filter>
    </ClInclude>
    <ClInclude Include="Source\NoNameGestor\Gestor\Currency.h">
      <Filter>Gestor</Filter>
    </ClInclude>
    <ClInclude Include="Source\NoNameGestor\Gestor\GestorSystem.h">
      <Filter>Gestor</Filter>
    </ClInclude>
    <ClInclude Include="Source\NoNameGestor\Scenes\EconomyScene.h">
      <Filter>Scenes</Filter>
    </ClInclude>
    <ClInclude Include="Source\NoNameGestor\Utils\Chrono.h">
      <Filter>Utils</Filter>
    </ClInclude>
    <ClInclude Include="Source\NoNameGestor\Utils\FileManager.h">
      <Filter>Utils</Filter>
    </ClInclude>
    <ClInclude Include="Source\NoNameGestor\Utils\Flag.h">
      <Filter>Utils</Filter>
    </ClInclude>
    <ClInclude Include="Source\NoNameGestor\Utils\LogFunction.h">
      <Filter>Utils</Filter>
    </ClInclude>
    <ClInclude Include="Source\NoNameGestor\Utils\Multibool.h">
      <Filter>Utils</Filter>
    </ClInclude>
    <ClInclude Include="Source\NoNameGestor\Utils\Point.h">
      <Filter>Utils</Filter>
    </ClInclude>
    <ClInclude Include="Source\NoNameGestor\External\imgui\imgui.h">
      <Filter>External\ImGui</Filter>
    </ClInclude>
    <ClInclude Include="Source\NoNameGestor\External\imgui\imgui_internal.h">
      <Filter>External\ImGui</Filter>
    </ClInclude>
    <ClInclude Include="Source\NoNameGestor\External\imgui\imgui_stdlib.h">
      <Filter>External\ImGui</Filter>
    </ClInclude>
    <ClInclude Include="Source\NoNameGestor\External\imgui\imstb_rectpack.h">
      <Filter>External\ImGui</Filter>
    </ClInclude>
    <ClInclude Include="Source\NoNameGestor\External\imgui\imstb_textedit.h">
      <Filter>External\ImGui</Filter>
    </ClInclude>
    <ClInclude Include="Source\NoNameGestor\External\imgui\imstb_truetype.h">
      <Filter>External\ImGui</Filter>
    </ClInclude>
    <ClInclude Include="Source\NoNameGestor\External\imgui\imconfig.h">
      <Filter>External\ImGui</Filter>
    </ClInclude>
    <ClInclude Include="Source\NoNameGestor\External\ImGuiFileDialog\ImGuiFileDialog.h">
      <Filter>External\ImGuiFileDialog</Filter>
    </ClInclude>
    <ClInclude Include="Source\NoNameGestor\External\ImGuiFileDialog\ImGuiFileDialogConfig.h">
      <Filter>External\ImGuiFileDialog</Filter>
    </ClInclude>
    <ClInclude Include="Source\NoNameGestor\Gestor\Configuration.h">
      <Filter>Gestor</Filter>
    </ClInclude>
    <ClInclude Include="Source\NoNameGestor\Utils\ImGuiExtension.h">
      <Filter>Utils</Filter>
    </ClInclude>
    <ClInclude Include="Source\NoNameGestor\Gestor\Aggregate.h">
      <Filter>Gestor</Filter>
    </ClInclude>
    <ClInclude Include="Source\NoNameGestor\External\imgui\imgui_impl_sdl2.h">
      <Filter>External\ImGui</Filter>
    </ClInclude>
    <ClInclude Include="Source\NoNameGestor\External\imgui\imgui_impl_sdlrenderer2.h">
      <Filter>External\ImGui</Filter>
    </ClInclude>
    <ClInclude Include="Source\NoNameGestor\Utils\TimeSpan.h">
      <Filter>Utils</Filter>
    </ClInclude>
    <ClInclude Include="Source\NoNameGestor\Containers\ConstContainer.h">
      <Filter>Containers</Filter>
    </ClInclude>
  </ItemGroup>
  <ItemGroup>
    <Filter Include="External">
      <UniqueIdentifier>{83a966c7-b4bb-4eff-9c2c-3ff3c7b55a60}</UniqueIdentifier>
    </Filter>
    <Filter Include="Utils">
      <UniqueIdentifier>{2cad778a-d356-48b0-9fee-587f1bbb187e}</UniqueIdentifier>
    </Filter>
    <Filter Include="External\ImGui">
      <UniqueIdentifier>{047f6aee-e865-47ae-9222-8217fb883406}</UniqueIdentifier>
    </Filter>
    <Filter Include="Scenes">
      <UniqueIdentifier>{80c91c30-006b-4948-afb7-cbc7a9b10d1b}</UniqueIdentifier>
    </Filter>
    <Filter Include="External\ImGuiFileDialog">
      <UniqueIdentifier>{5a7b1ef6-d384-4db9-9159-328f44c61348}</UniqueIdentifier>
    </Filter>
    <Filter Include="Resources">
      <UniqueIdentifier>{63ac2d9c-ef6c-494e-859e-482e550faffb}</UniqueIdentifier>
    </Filter>
    <Filter Include="Containers">
      <UniqueIdentifier>{db8f1d18-9417-4e14-9eb0-3729cd04a42d}</UniqueIdentifier>
    </Filter>
    <Filter Include="Gestor">
      <UniqueIdentifier>{d2f97dcd-31f7-4831-91d3-90cdf8b6a573}</UniqueIdentifier>
    </Filter>
  </ItemGroup>
  <ItemGroup>
    <Image Include="..\..\..\..\..\Downloads\NNGLogo.ico">
      <Filter>Resources</Filter>
    </Image>
  </ItemGroup>
  <ItemGroup>
    <ResourceCompile Include="Resource.rc">
      <Filter>Resources</Filter>
    </ResourceCompile>
  </ItemGroup>
</Project>