<?xml version="1.0" encoding="utf-8"?>
<Project ToolsVersion="4.0" xmlns="http://schemas.microsoft.com/developer/msbuild/2003">
  <ItemGroup>
    <ClCompile Include="Source\Main.cpp" />
    <ClCompile Include="Source\App.cpp" />
    <ClCompile Include="Source\Input.cpp">
      <Filter>Modules</Filter>
    </ClCompile>
    <ClCompile Include="Source\PerfTimer.cpp">
      <Filter>Utils</Filter>
    </ClCompile>
    <ClCompile Include="Source\Timer.cpp">
      <Filter>Utils</Filter>
    </ClCompile>
    <ClCompile Include="Source\Render.cpp">
      <Filter>Modules</Filter>
    </ClCompile>
    <ClCompile Include="Source\Window.cpp">
      <Filter>Modules</Filter>
    </ClCompile>
    <ClCompile Include="Source\Scene.cpp">
      <Filter>Modules</Filter>
    </ClCompile>
    <ClCompile Include="Source\EconomyScene.cpp">
      <Filter>Scenes</Filter>
    </ClCompile>
    <ClCompile Include="Source\External\ImGuiFileDialog\ImGuiFileDialog.cpp">
      <Filter>External\ImGuiFileDialog</Filter>
    </ClCompile>
    <ClCompile Include="Source\External\imgui\imgui.cpp">
      <Filter>External\ImGui</Filter>
    </ClCompile>
    <ClCompile Include="Source\External\imgui\imgui_demo.cpp">
      <Filter>External\ImGui</Filter>
    </ClCompile>
    <ClCompile Include="Source\External\imgui\imgui_draw.cpp">
      <Filter>External\ImGui</Filter>
    </ClCompile>
    <ClCompile Include="Source\External\imgui\imgui_impl_sdl.cpp">
      <Filter>External\ImGui</Filter>
    </ClCompile>
    <ClCompile Include="Source\External\imgui\imgui_impl_sdlrenderer.cpp">
      <Filter>External\ImGui</Filter>
    </ClCompile>
    <ClCompile Include="Source\External\imgui\imgui_stdlib.cpp">
      <Filter>External\ImGui</Filter>
    </ClCompile>
    <ClCompile Include="Source\External\imgui\imgui_tables.cpp">
      <Filter>External\ImGui</Filter>
    </ClCompile>
    <ClCompile Include="Source\External\imgui\imgui_widgets.cpp">
      <Filter>External\ImGui</Filter>
    </ClCompile>
    <ClCompile Include="Source\Chrono.cpp">
      <Filter>Utils</Filter>
    </ClCompile>
    <ClCompile Include="Source\LogFunction.cpp">
      <Filter>Utils</Filter>
    </ClCompile>
    <ClCompile Include="Source\GestorSystem.cpp">
      <Filter>Gestor</Filter>
    </ClCompile>
  </ItemGroup>
  <ItemGroup>
    <ClInclude Include="Source\App.h" />
    <ClInclude Include="Source\Defs.h">
      <Filter>Utils</Filter>
    </ClInclude>
    <ClInclude Include="Source\Input.h">
      <Filter>Modules</Filter>
    </ClInclude>
    <ClInclude Include="Source\Module.h">
      <Filter>Modules</Filter>
    </ClInclude>
    <ClInclude Include="Source\PerfTimer.h">
      <Filter>Utils</Filter>
    </ClInclude>
    <ClInclude Include="Source\Timer.h">
      <Filter>Utils</Filter>
    </ClInclude>
    <ClInclude Include="Source\Render.h">
      <Filter>Modules</Filter>
    </ClInclude>
    <ClInclude Include="Source\Window.h">
      <Filter>Modules</Filter>
    </ClInclude>
    <ClInclude Include="Source\Scene.h">
      <Filter>Modules</Filter>
    </ClInclude>
    <ClInclude Include="Source\Point.h">
      <Filter>Utils</Filter>
    </ClInclude>
    <ClInclude Include="Source\Multibool.h">
      <Filter>Utils</Filter>
    </ClInclude>
    <ClInclude Include="Source\EconomyScene.h">
      <Filter>Scenes</Filter>
    </ClInclude>
    <ClInclude Include="Source\FileManager.h">
      <Filter>Utils</Filter>
    </ClInclude>
    <ClInclude Include="Source\External\ImGuiFileDialog\ImGuiFileDialog.h">
      <Filter>External\ImGuiFileDialog</Filter>
    </ClInclude>
    <ClInclude Include="Source\External\ImGuiFileDialog\ImGuiFileDialogConfig.h">
      <Filter>External\ImGuiFileDialog</Filter>
    </ClInclude>
    <ClInclude Include="resource.h">
      <Filter>Resources</Filter>
    </ClInclude>
    <ClInclude Include="Source\External\imgui\imconfig.h">
      <Filter>External\ImGui</Filter>
    </ClInclude>
    <ClInclude Include="Source\External\imgui\imgui.h">
      <Filter>External\ImGui</Filter>
    </ClInclude>
    <ClInclude Include="Source\External\imgui\imgui_impl_sdl.h">
      <Filter>External\ImGui</Filter>
    </ClInclude>
    <ClInclude Include="Source\External\imgui\imgui_impl_sdlrenderer.h">
      <Filter>External\ImGui</Filter>
    </ClInclude>
    <ClInclude Include="Source\External\imgui\imgui_internal.h">
      <Filter>External\ImGui</Filter>
    </ClInclude>
    <ClInclude Include="Source\External\imgui\imgui_stdlib.h">
      <Filter>External\ImGui</Filter>
    </ClInclude>
    <ClInclude Include="Source\External\imgui\imstb_rectpack.h">
      <Filter>External\ImGui</Filter>
    </ClInclude>
    <ClInclude Include="Source\External\imgui\imstb_textedit.h">
      <Filter>External\ImGui</Filter>
    </ClInclude>
    <ClInclude Include="Source\External\imgui\imstb_truetype.h">
      <Filter>External\ImGui</Filter>
    </ClInclude>
    <ClInclude Include="Source\Label.h">
      <Filter>Gestor\Containers</Filter>
    </ClInclude>
    <ClInclude Include="Source\Chrono.h">
      <Filter>Utils</Filter>
    </ClInclude>
    <ClInclude Include="Source\Container.h">
      <Filter>Gestor</Filter>
    </ClInclude>
    <ClInclude Include="Source\ContainerHeader.h">
      <Filter>Gestor</Filter>
    </ClInclude>
    <ClInclude Include="Source\FilterContainer.h">
      <Filter>Gestor\Containers</Filter>
    </ClInclude>
    <ClInclude Include="Source\FutureContainer.h">
      <Filter>Gestor\Containers</Filter>
    </ClInclude>
    <ClInclude Include="Source\LimitContainer.h">
      <Filter>Gestor\Containers</Filter>
    </ClInclude>
    <ClInclude Include="Source\InputContainer.h">
      <Filter>Gestor\Constant</Filter>
    </ClInclude>
    <ClInclude Include="Source\TotalContainer.h">
      <Filter>Gestor\Constant</Filter>
    </ClInclude>
    <ClInclude Include="Source\LogFunction.h">
      <Filter>Utils</Filter>
    </ClInclude>
    <ClInclude Include="Source\GestorSystem.h">
      <Filter>Gestor</Filter>
    </ClInclude>
    <ClInclude Include="Source\Currency.h">
      <Filter>Gestor</Filter>
    </ClInclude>
    <ClInclude Include="Source\ContainerEnum.h">
      <Filter>Gestor</Filter>
    </ClInclude>
  </ItemGroup>
  <ItemGroup>
    <Filter Include="External">
      <UniqueIdentifier>{83a966c7-b4bb-4eff-9c2c-3ff3c7b55a60}</UniqueIdentifier>
    </Filter>
    <Filter Include="Utils">
      <UniqueIdentifier>{2cad778a-d356-48b0-9fee-587f1bbb187e}</UniqueIdentifier>
    </Filter>
    <Filter Include="Modules">
      <UniqueIdentifier>{bfe4e094-9e73-4cb6-9027-deaaa69e9993}</UniqueIdentifier>
    </Filter>
    <Filter Include="External\ImGui">
      <UniqueIdentifier>{047f6aee-e865-47ae-9222-8217fb883406}</UniqueIdentifier>
    </Filter>
    <Filter Include="Scenes">
      <UniqueIdentifier>{80c91c30-006b-4948-afb7-cbc7a9b10d1b}</UniqueIdentifier>
    </Filter>
    <Filter Include="External\ImGuiFileDialog">
      <UniqueIdentifier>{5a7b1ef6-d384-4db9-9159-328f44c61348}</UniqueIdentifier>
    </Filter>
    <Filter Include="Resources">
      <UniqueIdentifier>{63ac2d9c-ef6c-494e-859e-482e550faffb}</UniqueIdentifier>
    </Filter>
    <Filter Include="Gestor">
      <UniqueIdentifier>{c1522c6d-9e4e-459a-a5cc-2e1c63a70239}</UniqueIdentifier>
    </Filter>
    <Filter Include="Gestor\Containers">
      <UniqueIdentifier>{94b32f97-c41f-46ee-ba41-9f19f773e979}</UniqueIdentifier>
    </Filter>
    <Filter Include="Gestor\Constant">
      <UniqueIdentifier>{7185b72b-3ea1-4c81-97a7-299824278e03}</UniqueIdentifier>
    </Filter>
  </ItemGroup>
  <ItemGroup>
    <Image Include="..\..\..\..\..\Downloads\NNGLogo.ico">
      <Filter>Resources</Filter>
    </Image>
  </ItemGroup>
  <ItemGroup>
    <ResourceCompile Include="Resource.rc">
      <Filter>Resources</Filter>
    </ResourceCompile>
  </ItemGroup>
</Project>